
Microsoft Visual Studio Solution File, Format Version 12.00
# Visual Studio 15
VisualStudioVersion = 15.0.28010.2026
MinimumVisualStudioVersion = 10.0.40219.1
Project("{E24C65DC-7377-472B-9ABA-BC803B73C61A}") = "WebSite1(1)", "WebSite1\", "{D62817C3-BBEA-425D-B877-8ED88F590BDB}"
	ProjectSection(WebsiteProperties) = preProject
		TargetFrameworkMoniker = ".NETFramework,Version%3Dv4.6.1"
		Debug.AspNetCompiler.VirtualPath = "/localhost_7743"
		Debug.AspNetCompiler.PhysicalPath = "WebSite1\"
		Debug.AspNetCompiler.TargetPath = "PrecompiledWeb\localhost_7743\"
		Debug.AspNetCompiler.Updateable = "true"
		Debug.AspNetCompiler.ForceOverwrite = "true"
		Debug.AspNetCompiler.FixedNames = "false"
		Debug.AspNetCompiler.Debug = "True"
		Release.AspNetCompiler.VirtualPath = "/localhost_7743"
		Release.AspNetCompiler.PhysicalPath = "WebSite1\"
		Release.AspNetCompiler.TargetPath = "PrecompiledWeb\localhost_7743\"
		Release.AspNetCompiler.Updateable = "true"
		Release.AspNetCompiler.ForceOverwrite = "true"
		Release.AspNetCompiler.FixedNames = "false"
		Release.AspNetCompiler.Debug = "False"
		VWDPort = "7743"
		SlnRelativePath = "WebSite1\"
		DefaultWebSiteLanguage = "Visual C#"
	EndProjectSection
EndProject
Project("{FAE04EC0-301F-11D3-BF4B-00C04F79EFBC}") = "ConsoleApp1", "ConsoleApp1\ConsoleApp1.csproj", "{062D4AB0-AD9C-45D8-B1F9-770CAFFB0431}"
EndProject
Global
	GlobalSection(SolutionConfigurationPlatforms) = preSolution
		Debug|Any CPU = Debug|Any CPU
		Release|Any CPU = Release|Any CPU
	EndGlobalSection
	GlobalSection(ProjectConfigurationPlatforms) = postSolution
		{D62817C3-BBEA-425D-B877-8ED88F590BDB}.Debug|Any CPU.ActiveCfg = Debug|Any CPU
		{D62817C3-BBEA-425D-B877-8ED88F590BDB}.Debug|Any CPU.Build.0 = Debug|Any CPU
		{D62817C3-BBEA-425D-B877-8ED88F590BDB}.Release|Any CPU.ActiveCfg = Debug|Any CPU
		{D62817C3-BBEA-425D-B877-8ED88F590BDB}.Release|Any CPU.Build.0 = Debug|Any CPU
		{062D4AB0-AD9C-45D8-B1F9-770CAFFB0431}.Debug|Any CPU.ActiveCfg = Debug|Any CPU
		{062D4AB0-AD9C-45D8-B1F9-770CAFFB0431}.Debug|Any CPU.Build.0 = Debug|Any CPU
		{062D4AB0-AD9C-45D8-B1F9-770CAFFB0431}.Release|Any CPU.ActiveCfg = Release|Any CPU
		{062D4AB0-AD9C-45D8-B1F9-770CAFFB0431}.Release|Any CPU.Build.0 = Release|Any CPU
	EndGlobalSection
	GlobalSection(SolutionProperties) = preSolution
		HideSolutionNode = FALSE
	EndGlobalSection
	GlobalSection(ExtensibilityGlobals) = postSolution
		SolutionGuid = {A5FECEDA-5130-483D-8410-D17E25B8B80E}
	EndGlobalSection
EndGlobal
