
Microsoft Visual Studio Solution File, Format Version 12.00
# Visual Studio 15
VisualStudioVersion = 15.0.28010.2026
MinimumVisualStudioVersion = 10.0.40219.1
Project("{FAE04EC0-301F-11D3-BF4B-00C04F79EFBC}") = "DotNet G3 Food Ordering System", "DotNet G3 Food Ordering System\DotNet G3 Food Ordering System.csproj", "{A9E05B2F-BD24-487F-AF25-3875B002694A}"
EndProject
Global
	GlobalSection(SolutionConfigurationPlatforms) = preSolution
		Debug|Any CPU = Debug|Any CPU
		Release|Any CPU = Release|Any CPU
	EndGlobalSection
	GlobalSection(ProjectConfigurationPlatforms) = postSolution
		{A9E05B2F-BD24-487F-AF25-3875B002694A}.Debug|Any CPU.ActiveCfg = Debug|Any CPU
		{A9E05B2F-BD24-487F-AF25-3875B002694A}.Debug|Any CPU.Build.0 = Debug|Any CPU
		{A9E05B2F-BD24-487F-AF25-3875B002694A}.Release|Any CPU.ActiveCfg = Release|Any CPU
		{A9E05B2F-BD24-487F-AF25-3875B002694A}.Release|Any CPU.Build.0 = Release|Any CPU
	EndGlobalSection
	GlobalSection(SolutionProperties) = preSolution
		HideSolutionNode = FALSE
	EndGlobalSection
	GlobalSection(ExtensibilityGlobals) = postSolution
		SolutionGuid = {394FA9C9-0884-406D-A59C-A5DFE70042BA}
	EndGlobalSection
EndGlobal
